<Solution>
  <Folder Name="/FrontEnd/">
    <Project Path="FrontEnd/TrainingManagement.MVC/TrainingManagement.MVC.csproj" />
  </Folder>
  <Folder Name="/Geteway/" />
  <Folder Name="/Integration/" />
  <Folder Name="/Services/">
    <Project Path="TrainingManagement.CourseApi/TrainingManagement.CourseApi.csproj" />
  </Folder>
</Solution>
